
Microsoft Visual Studio Solution File, Format Version 12.00
# Visual Studio Version 16
VisualStudioVersion = 16.0.30523.141
MinimumVisualStudioVersion = 10.0.40219.1
Project("{FAE04EC0-301F-11D3-BF4B-00C04F79EFBC}") = "Robot", "Robot\Robot.csproj", "{0D245185-FF81-451E-AF53-D4A6782EEC98}"
EndProject
Project("{FAE04EC0-301F-11D3-BF4B-00C04F79EFBC}") = "Robot.ConsoleTest", "Robot.TesApp\Robot.ConsoleTest.csproj", "{3C00F9DF-3DFB-4B0C-8EE0-3DDB4C52BE2E}"
EndProject
Project("{FAE04EC0-301F-11D3-BF4B-00C04F79EFBC}") = "Robot.UnitTests", "Robot.UnitTests\Robot.UnitTests.csproj", "{55E6B5C8-351F-4C4B-833A-D482ADBB418E}"
EndProject
Global
	GlobalSection(SolutionConfigurationPlatforms) = preSolution
		Debug|Any CPU = Debug|Any CPU
		Release|Any CPU = Release|Any CPU
	EndGlobalSection
	GlobalSection(ProjectConfigurationPlatforms) = postSolution
		{0D245185-FF81-451E-AF53-D4A6782EEC98}.Debug|Any CPU.ActiveCfg = Debug|Any CPU
		{0D245185-FF81-451E-AF53-D4A6782EEC98}.Debug|Any CPU.Build.0 = Debug|Any CPU
		{0D245185-FF81-451E-AF53-D4A6782EEC98}.Release|Any CPU.ActiveCfg = Release|Any CPU
		{0D245185-FF81-451E-AF53-D4A6782EEC98}.Release|Any CPU.Build.0 = Release|Any CPU
		{3C00F9DF-3DFB-4B0C-8EE0-3DDB4C52BE2E}.Debug|Any CPU.ActiveCfg = Debug|Any CPU
		{3C00F9DF-3DFB-4B0C-8EE0-3DDB4C52BE2E}.Debug|Any CPU.Build.0 = Debug|Any CPU
		{3C00F9DF-3DFB-4B0C-8EE0-3DDB4C52BE2E}.Release|Any CPU.ActiveCfg = Release|Any CPU
		{3C00F9DF-3DFB-4B0C-8EE0-3DDB4C52BE2E}.Release|Any CPU.Build.0 = Release|Any CPU
		{55E6B5C8-351F-4C4B-833A-D482ADBB418E}.Debug|Any CPU.ActiveCfg = Debug|Any CPU
		{55E6B5C8-351F-4C4B-833A-D482ADBB418E}.Debug|Any CPU.Build.0 = Debug|Any CPU
		{55E6B5C8-351F-4C4B-833A-D482ADBB418E}.Release|Any CPU.ActiveCfg = Release|Any CPU
		{55E6B5C8-351F-4C4B-833A-D482ADBB418E}.Release|Any CPU.Build.0 = Release|Any CPU
	EndGlobalSection
	GlobalSection(SolutionProperties) = preSolution
		HideSolutionNode = FALSE
	EndGlobalSection
	GlobalSection(ExtensibilityGlobals) = postSolution
		SolutionGuid = {3C9636B7-C841-4902-9CC8-E1C4C6C2988C}
	EndGlobalSection
EndGlobal
